{
  "name": "shift-parser-expectations",
  "version": "2018.0.0",
  "lockfileVersion": 1,
  "requires": true,
  "dependencies": {
    "shift-spec": {
      "version": "2018.0.2",
      "resolved": "https://registry.npmjs.org/shift-spec/-/shift-spec-2018.0.2.tgz",
      "integrity": "sha1-wNxhPYoBUJQHxoup0D3dKd1RhGs=",
      "dev": true
    },
    "test262-parser-tests": {
      "version": "0.0.5",
      "resolved": "https://registry.npmjs.org/test262-parser-tests/-/test262-parser-tests-0.0.5.tgz",
      "integrity": "sha1-mVl5NhrXgqLGzR4R/AaPSss2Na0=",
      "dev": true
    }
  }
}
